// !$*UTF8*$!
{
	archiveVersion = 1;
	classes = {
	};
	objectVersion = 50;
	objects = {

/* Begin PBXBuildFile section */
		A803670F21417773006A21E1 /* Enums.swift in Sources */ = {isa = PBXBuildFile; fileRef = A803670E21417773006A21E1 /* Enums.swift */; };
		A80FDD482147DF1800983BF2 /* Pass.swift in Sources */ = {isa = PBXBuildFile; fileRef = A80FDD472147DF1800983BF2 /* Pass.swift */; };
		A8CF54112145DFAD00C4F02A /* PassViewController.swift in Sources */ = {isa = PBXBuildFile; fileRef = A8CF54102145DFAD00C4F02A /* PassViewController.swift */; };
		A8FB52F2214290B900A335DB /* AccessDenied.wav in Resources */ = {isa = PBXBuildFile; fileRef = A8FB52F0214290B900A335DB /* AccessDenied.wav */; };
		A8FB52F3214290B900A335DB /* AccessGranted.wav in Resources */ = {isa = PBXBuildFile; fileRef = A8FB52F1214290B900A335DB /* AccessGranted.wav */; };
		A8FB52F5214290E400A335DB /* FaceImageAsset.png in Resources */ = {isa = PBXBuildFile; fileRef = A8FB52F4214290E400A335DB /* FaceImageAsset.png */; };
		A8FB52F72142B42D00A335DB /* Vendor.swift in Sources */ = {isa = PBXBuildFile; fileRef = A8FB52F62142B42D00A335DB /* Vendor.swift */; };
		A8FB52F92142C39100A335DB /* Tests.swift in Sources */ = {isa = PBXBuildFile; fileRef = A8FB52F82142C39100A335DB /* Tests.swift */; };
		C9E78451213C2C68003B55A1 /* AppDelegate.swift in Sources */ = {isa = PBXBuildFile; fileRef = C9E78450213C2C68003B55A1 /* AppDelegate.swift */; };
		C9E78453213C2C68003B55A1 /* FormViewController.swift in Sources */ = {isa = PBXBuildFile; fileRef = C9E78452213C2C68003B55A1 /* FormViewController.swift */; };
		C9E78456213C2C68003B55A1 /* Main.storyboard in Resources */ = {isa = PBXBuildFile; fileRef = C9E78454213C2C68003B55A1 /* Main.storyboard */; };
		C9E78458213C2C69003B55A1 /* Assets.xcassets in Resources */ = {isa = PBXBuildFile; fileRef = C9E78457213C2C69003B55A1 /* Assets.xcassets */; };
		C9E7845B213C2C69003B55A1 /* LaunchScreen.storyboard in Resources */ = {isa = PBXBuildFile; fileRef = C9E78459213C2C69003B55A1 /* LaunchScreen.storyboard */; };
		C9E78484213C933E003B55A1 /* Entrant.swift in Sources */ = {isa = PBXBuildFile; fileRef = C9E78483213C933E003B55A1 /* Entrant.swift */; };
		C9E78486213C969E003B55A1 /* Guest.swift in Sources */ = {isa = PBXBuildFile; fileRef = C9E78485213C969E003B55A1 /* Guest.swift */; };
		C9E78488213C96AE003B55A1 /* Employee.swift in Sources */ = {isa = PBXBuildFile; fileRef = C9E78487213C96AE003B55A1 /* Employee.swift */; };
/* End PBXBuildFile section */

/* Begin PBXContainerItemProxy section */
		C9E78462213C2C69003B55A1 /* PBXContainerItemProxy */ = {
			isa = PBXContainerItemProxy;
			containerPortal = C9E78445213C2C67003B55A1 /* Project object */;
			proxyType = 1;
			remoteGlobalIDString = C9E7844C213C2C68003B55A1;
			remoteInfo = AmusementParkPassGenerator;
		};
		C9E7846D213C2C69003B55A1 /* PBXContainerItemProxy */ = {
			isa = PBXContainerItemProxy;
			containerPortal = C9E78445213C2C67003B55A1 /* Project object */;
			proxyType = 1;
			remoteGlobalIDString = C9E7844C213C2C68003B55A1;
			remoteInfo = AmusementParkPassGenerator;
		};
/* End PBXContainerItemProxy section */

/* Begin PBXFileReference section */
		A803670E21417773006A21E1 /* Enums.swift */ = {isa = PBXFileReference; lastKnownFileType = sourcecode.swift; path = Enums.swift; sourceTree = "<group>"; };
		A80FDD472147DF1800983BF2 /* Pass.swift */ = {isa = PBXFileReference; lastKnownFileType = sourcecode.swift; path = Pass.swift; sourceTree = "<group>"; };
		A8CF54102145DFAD00C4F02A /* PassViewController.swift */ = {isa = PBXFileReference; lastKnownFileType = sourcecode.swift; path = PassViewController.swift; sourceTree = "<group>"; };
		A8FB52F0214290B900A335DB /* AccessDenied.wav */ = {isa = PBXFileReference; lastKnownFileType = audio.wav; path = AccessDenied.wav; sourceTree = "<group>"; };
		A8FB52F1214290B900A335DB /* AccessGranted.wav */ = {isa = PBXFileReference; lastKnownFileType = audio.wav; path = AccessGranted.wav; sourceTree = "<group>"; };
		A8FB52F4214290E400A335DB /* FaceImageAsset.png */ = {isa = PBXFileReference; lastKnownFileType = image.png; path = FaceImageAsset.png; sourceTree = "<group>"; };
		A8FB52F62142B42D00A335DB /* Vendor.swift */ = {isa = PBXFileReference; lastKnownFileType = sourcecode.swift; path = Vendor.swift; sourceTree = "<group>"; };
		A8FB52F82142C39100A335DB /* Tests.swift */ = {isa = PBXFileReference; lastKnownFileType = sourcecode.swift; path = Tests.swift; sourceTree = "<group>"; };
		C9E7844D213C2C68003B55A1 /* AmusementParkPassGenerator.app */ = {isa = PBXFileReference; explicitFileType = wrapper.application; includeInIndex = 0; path = AmusementParkPassGenerator.app; sourceTree = BUILT_PRODUCTS_DIR; };
		C9E78450213C2C68003B55A1 /* AppDelegate.swift */ = {isa = PBXFileReference; lastKnownFileType = sourcecode.swift; path = AppDelegate.swift; sourceTree = "<group>"; };
		C9E78452213C2C68003B55A1 /* FormViewController.swift */ = {isa = PBXFileReference; lastKnownFileType = sourcecode.swift; path = FormViewController.swift; sourceTree = "<group>"; };
		C9E78455213C2C68003B55A1 /* Base */ = {isa = PBXFileReference; lastKnownFileType = file.storyboard; name = Base; path = Base.lproj/Main.storyboard; sourceTree = "<group>"; };
		C9E78457213C2C69003B55A1 /* Assets.xcassets */ = {isa = PBXFileReference; lastKnownFileType = folder.assetcatalog; path = Assets.xcassets; sourceTree = "<group>"; };
		C9E7845A213C2C69003B55A1 /* Base */ = {isa = PBXFileReference; lastKnownFileType = file.storyboard; name = Base; path = Base.lproj/LaunchScreen.storyboard; sourceTree = "<group>"; };
		C9E7845C213C2C69003B55A1 /* Info.plist */ = {isa = PBXFileReference; lastKnownFileType = text.plist.xml; path = Info.plist; sourceTree = "<group>"; };
		C9E78461213C2C69003B55A1 /* AmusementParkPassGeneratorTests.xctest */ = {isa = PBXFileReference; explicitFileType = wrapper.cfbundle; includeInIndex = 0; path = AmusementParkPassGeneratorTests.xctest; sourceTree = BUILT_PRODUCTS_DIR; };
		C9E7846C213C2C69003B55A1 /* AmusementParkPassGeneratorUITests.xctest */ = {isa = PBXFileReference; explicitFileType = wrapper.cfbundle; includeInIndex = 0; path = AmusementParkPassGeneratorUITests.xctest; sourceTree = BUILT_PRODUCTS_DIR; };
		C9E78483213C933E003B55A1 /* Entrant.swift */ = {isa = PBXFileReference; lastKnownFileType = sourcecode.swift; path = Entrant.swift; sourceTree = "<group>"; };
		C9E78485213C969E003B55A1 /* Guest.swift */ = {isa = PBXFileReference; lastKnownFileType = sourcecode.swift; path = Guest.swift; sourceTree = "<group>"; };
		C9E78487213C96AE003B55A1 /* Employee.swift */ = {isa = PBXFileReference; lastKnownFileType = sourcecode.swift; path = Employee.swift; sourceTree = "<group>"; };
/* End PBXFileReference section */

/* Begin PBXFrameworksBuildPhase section */
		C9E7844A213C2C68003B55A1 /* Frameworks */ = {
			isa = PBXFrameworksBuildPhase;
			buildActionMask = 2147483647;
			files = (
			);
			runOnlyForDeploymentPostprocessing = 0;
		};
		C9E7845E213C2C69003B55A1 /* Frameworks */ = {
			isa = PBXFrameworksBuildPhase;
			buildActionMask = 2147483647;
			files = (
			);
			runOnlyForDeploymentPostprocessing = 0;
		};
		C9E78469213C2C69003B55A1 /* Frameworks */ = {
			isa = PBXFrameworksBuildPhase;
			buildActionMask = 2147483647;
			files = (
			);
			runOnlyForDeploymentPostprocessing = 0;
		};
/* End PBXFrameworksBuildPhase section */

/* Begin PBXGroup section */
		A8FB52EE2142901B00A335DB /* Audio */ = {
			isa = PBXGroup;
			children = (
				A8FB52F0214290B900A335DB /* AccessDenied.wav */,
				A8FB52F1214290B900A335DB /* AccessGranted.wav */,
			);
			path = Audio;
			sourceTree = "<group>";
		};
		A8FB52EF2142905800A335DB /* Image */ = {
			isa = PBXGroup;
			children = (
				A8FB52F4214290E400A335DB /* FaceImageAsset.png */,
			);
			path = Image;
			sourceTree = "<group>";
		};
		C9E78444213C2C67003B55A1 = {
			isa = PBXGroup;
			children = (
				C9E7844F213C2C68003B55A1 /* AmusementParkPassGenerator */,
				C9E7844E213C2C68003B55A1 /* Products */,
			);
			sourceTree = "<group>";
		};
		C9E7844E213C2C68003B55A1 /* Products */ = {
			isa = PBXGroup;
			children = (
				C9E7844D213C2C68003B55A1 /* AmusementParkPassGenerator.app */,
				C9E78461213C2C69003B55A1 /* AmusementParkPassGeneratorTests.xctest */,
				C9E7846C213C2C69003B55A1 /* AmusementParkPassGeneratorUITests.xctest */,
			);
			name = Products;
			sourceTree = "<group>";
		};
		C9E7844F213C2C68003B55A1 /* AmusementParkPassGenerator */ = {
			isa = PBXGroup;
			children = (
				A8FB52EF2142905800A335DB /* Image */,
				A8FB52EE2142901B00A335DB /* Audio */,
				C9E78480213C9073003B55A1 /* Model */,
				C9E78450213C2C68003B55A1 /* AppDelegate.swift */,
				C9E78452213C2C68003B55A1 /* FormViewController.swift */,
				A8CF54102145DFAD00C4F02A /* PassViewController.swift */,
				A803670E21417773006A21E1 /* Enums.swift */,
				A8FB52F82142C39100A335DB /* Tests.swift */,
				C9E78454213C2C68003B55A1 /* Main.storyboard */,
				C9E78457213C2C69003B55A1 /* Assets.xcassets */,
				C9E78459213C2C69003B55A1 /* LaunchScreen.storyboard */,
				C9E7845C213C2C69003B55A1 /* Info.plist */,
			);
			path = AmusementParkPassGenerator;
			sourceTree = "<group>";
		};
		C9E78480213C9073003B55A1 /* Model */ = {
			isa = PBXGroup;
			children = (
				C9E78483213C933E003B55A1 /* Entrant.swift */,
				C9E78485213C969E003B55A1 /* Guest.swift */,
				C9E78487213C96AE003B55A1 /* Employee.swift */,
				A8FB52F62142B42D00A335DB /* Vendor.swift */,
				A80FDD472147DF1800983BF2 /* Pass.swift */,
			);
			path = Model;
			sourceTree = "<group>";
		};
/* End PBXGroup section */

/* Begin PBXNativeTarget section */
		C9E7844C213C2C68003B55A1 /* AmusementParkPassGenerator */ = {
			isa = PBXNativeTarget;
			buildConfigurationList = C9E78475213C2C69003B55A1 /* Build configuration list for PBXNativeTarget "AmusementParkPassGenerator" */;
			buildPhases = (
				C9E78449213C2C68003B55A1 /* Sources */,
				C9E7844A213C2C68003B55A1 /* Frameworks */,
				C9E7844B213C2C68003B55A1 /* Resources */,
			);
			buildRules = (
			);
			dependencies = (
			);
			name = AmusementParkPassGenerator;
			productName = AmusementParkPassGenerator;
			productReference = C9E7844D213C2C68003B55A1 /* AmusementParkPassGenerator.app */;
			productType = "com.apple.product-type.application";
		};
		C9E78460213C2C69003B55A1 /* AmusementParkPassGeneratorTests */ = {
			isa = PBXNativeTarget;
			buildConfigurationList = C9E78478213C2C69003B55A1 /* Build configuration list for PBXNativeTarget "AmusementParkPassGeneratorTests" */;
			buildPhases = (
				C9E7845D213C2C69003B55A1 /* Sources */,
				C9E7845E213C2C69003B55A1 /* Frameworks */,
				C9E7845F213C2C69003B55A1 /* Resources */,
			);
			buildRules = (
			);
			dependencies = (
				C9E78463213C2C69003B55A1 /* PBXTargetDependency */,
			);
			name = AmusementParkPassGeneratorTests;
			productName = AmusementParkPassGeneratorTests;
			productReference = C9E78461213C2C69003B55A1 /* AmusementParkPassGeneratorTests.xctest */;
			productType = "com.apple.product-type.bundle.unit-test";
		};
		C9E7846B213C2C69003B55A1 /* AmusementParkPassGeneratorUITests */ = {
			isa = PBXNativeTarget;
			buildConfigurationList = C9E7847B213C2C69003B55A1 /* Build configuration list for PBXNativeTarget "AmusementParkPassGeneratorUITests" */;
			buildPhases = (
				C9E78468213C2C69003B55A1 /* Sources */,
				C9E78469213C2C69003B55A1 /* Frameworks */,
				C9E7846A213C2C69003B55A1 /* Resources */,
			);
			buildRules = (
			);
			dependencies = (
				C9E7846E213C2C69003B55A1 /* PBXTargetDependency */,
			);
			name = AmusementParkPassGeneratorUITests;
			productName = AmusementParkPassGeneratorUITests;
			productReference = C9E7846C213C2C69003B55A1 /* AmusementParkPassGeneratorUITests.xctest */;
			productType = "com.apple.product-type.bundle.ui-testing";
		};
/* End PBXNativeTarget section */

/* Begin PBXProject section */
		C9E78445213C2C67003B55A1 /* Project object */ = {
			isa = PBXProject;
			attributes = {
				LastSwiftUpdateCheck = 0940;
				LastUpgradeCheck = 0940;
				ORGANIZATIONNAME = "Jun Kakeno";
				TargetAttributes = {
					C9E7844C213C2C68003B55A1 = {
						CreatedOnToolsVersion = 9.4.1;
					};
					C9E78460213C2C69003B55A1 = {
						CreatedOnToolsVersion = 9.4.1;
						TestTargetID = C9E7844C213C2C68003B55A1;
					};
					C9E7846B213C2C69003B55A1 = {
						CreatedOnToolsVersion = 9.4.1;
						TestTargetID = C9E7844C213C2C68003B55A1;
					};
				};
			};
			buildConfigurationList = C9E78448213C2C67003B55A1 /* Build configuration list for PBXProject "AmusementParkPassGenerator" */;
			compatibilityVersion = "Xcode 9.3";
			developmentRegion = en;
			hasScannedForEncodings = 0;
			knownRegions = (
				en,
				Base,
			);
			mainGroup = C9E78444213C2C67003B55A1;
			productRefGroup = C9E7844E213C2C68003B55A1 /* Products */;
			projectDirPath = "";
			projectRoot = "";
			targets = (
				C9E7844C213C2C68003B55A1 /* AmusementParkPassGenerator */,
				C9E78460213C2C69003B55A1 /* AmusementParkPassGeneratorTests */,
				C9E7846B213C2C69003B55A1 /* AmusementParkPassGeneratorUITests */,
			);
		};
/* End PBXProject section */

/* Begin PBXResourcesBuildPhase section */
		C9E7844B213C2C68003B55A1 /* Resources */ = {
			isa = PBXResourcesBuildPhase;
			buildActionMask = 2147483647;
			files = (
				C9E7845B213C2C69003B55A1 /* LaunchScreen.storyboard in Resources */,
				A8FB52F3214290B900A335DB /* AccessGranted.wav in Resources */,
				C9E78458213C2C69003B55A1 /* Assets.xcassets in Resources */,
				C9E78456213C2C68003B55A1 /* Main.storyboard in Resources */,
				A8FB52F2214290B900A335DB /* AccessDenied.wav in Resources */,
				A8FB52F5214290E400A335DB /* FaceImageAsset.png in Resources */,
			);
			runOnlyForDeploymentPostprocessing = 0;
		};
		C9E7845F213C2C69003B55A1 /* Resources */ = {
			isa = PBXResourcesBuildPhase;
			buildActionMask = 2147483647;
			files = (
			);
			runOnlyForDeploymentPostprocessing = 0;
		};
		C9E7846A213C2C69003B55A1 /* Resources */ = {
			isa = PBXResourcesBuildPhase;
			buildActionMask = 2147483647;
			files = (
			);
			runOnlyForDeploymentPostprocessing = 0;
		};
/* End PBXResourcesBuildPhase section */

/* Begin PBXSourcesBuildPhase section */
		C9E78449213C2C68003B55A1 /* Sources */ = {
			isa = PBXSourcesBuildPhase;
			buildActionMask = 2147483647;
			files = (
				C9E78484213C933E003B55A1 /* Entrant.swift in Sources */,
				A8FB52F92142C39100A335DB /* Tests.swift in Sources */,
				A8FB52F72142B42D00A335DB /* Vendor.swift in Sources */,
				C9E78453213C2C68003B55A1 /* FormViewController.swift in Sources */,
				C9E78486213C969E003B55A1 /* Guest.swift in Sources */,
				C9E78488213C96AE003B55A1 /* Employee.swift in Sources */,
				A8CF54112145DFAD00C4F02A /* PassViewController.swift in Sources */,
				A803670F21417773006A21E1 /* Enums.swift in Sources */,
				A80FDD482147DF1800983BF2 /* Pass.swift in Sources */,
				C9E78451213C2C68003B55A1 /* AppDelegate.swift in Sources */,
			);
			runOnlyForDeploymentPostprocessing = 0;
		};
		C9E7845D213C2C69003B55A1 /* Sources */ = {
			isa = PBXSourcesBuildPhase;
			buildActionMask = 2147483647;
			files = (
			);
			runOnlyForDeploymentPostprocessing = 0;
		};
		C9E78468213C2C69003B55A1 /* Sources */ = {
			isa = PBXSourcesBuildPhase;
			buildActionMask = 2147483647;
			files = (
			);
			runOnlyForDeploymentPostprocessing = 0;
		};
/* End PBXSourcesBuildPhase section */

/* Begin PBXTargetDependency section */
		C9E78463213C2C69003B55A1 /* PBXTargetDependency */ = {
			isa = PBXTargetDependency;
			target = C9E7844C213C2C68003B55A1 /* AmusementParkPassGenerator */;
			targetProxy = C9E78462213C2C69003B55A1 /* PBXContainerItemProxy */;
		};
		C9E7846E213C2C69003B55A1 /* PBXTargetDependency */ = {
			isa = PBXTargetDependency;
			target = C9E7844C213C2C68003B55A1 /* AmusementParkPassGenerator */;
			targetProxy = C9E7846D213C2C69003B55A1 /* PBXContainerItemProxy */;
		};
/* End PBXTargetDependency section */

/* Begin PBXVariantGroup section */
		C9E78454213C2C68003B55A1 /* Main.storyboard */ = {
			isa = PBXVariantGroup;
			children = (
				C9E78455213C2C68003B55A1 /* Base */,
			);
			name = Main.storyboard;
			sourceTree = "<group>";
		};
		C9E78459213C2C69003B55A1 /* LaunchScreen.storyboard */ = {
			isa = PBXVariantGroup;
			children = (
				C9E7845A213C2C69003B55A1 /* Base */,
			);
			name = LaunchScreen.storyboard;
			sourceTree = "<group>";
		};
/* End PBXVariantGroup section */

/* Begin XCBuildConfiguration section */
		C9E78473213C2C69003B55A1 /* Debug */ = {
			isa = XCBuildConfiguration;
			buildSettings = {
				ALWAYS_SEARCH_USER_PATHS = NO;
				CLANG_ANALYZER_NONNULL = YES;
				CLANG_ANALYZER_NUMBER_OBJECT_CONVERSION = YES_AGGRESSIVE;
				CLANG_CXX_LANGUAGE_STANDARD = "gnu++14";
				CLANG_CXX_LIBRARY = "libc++";
				CLANG_ENABLE_MODULES = YES;
				CLANG_ENABLE_OBJC_ARC = YES;
				CLANG_ENABLE_OBJC_WEAK = YES;
				CLANG_WARN_BLOCK_CAPTURE_AUTORELEASING = YES;
				CLANG_WARN_BOOL_CONVERSION = YES;
				CLANG_WARN_COMMA = YES;
				CLANG_WARN_CONSTANT_CONVERSION = YES;
				CLANG_WARN_DEPRECATED_OBJC_IMPLEMENTATIONS = YES;
				CLANG_WARN_DIRECT_OBJC_ISA_USAGE = YES_ERROR;
				CLANG_WARN_DOCUMENTATION_COMMENTS = YES;
				CLANG_WARN_EMPTY_BODY = YES;
				CLANG_WARN_ENUM_CONVERSION = YES;
				CLANG_WARN_INFINITE_RECURSION = YES;
				CLANG_WARN_INT_CONVERSION = YES;
				CLANG_WARN_NON_LITERAL_NULL_CONVERSION = YES;
				CLANG_WARN_OBJC_IMPLICIT_RETAIN_SELF = YES;
				CLANG_WARN_OBJC_LITERAL_CONVERSION = YES;
				CLANG_WARN_OBJC_ROOT_CLASS = YES_ERROR;
				CLANG_WARN_RANGE_LOOP_ANALYSIS = YES;
				CLANG_WARN_STRICT_PROTOTYPES = YES;
				CLANG_WARN_SUSPICIOUS_MOVE = YES;
				CLANG_WARN_UNGUARDED_AVAILABILITY = YES_AGGRESSIVE;
				CLANG_WARN_UNREACHABLE_CODE = YES;
				CLANG_WARN__DUPLICATE_METHOD_MATCH = YES;
				CODE_SIGN_IDENTITY = "iPhone Developer";
				COPY_PHASE_STRIP = NO;
				DEBUG_INFORMATION_FORMAT = dwarf;
				ENABLE_STRICT_OBJC_MSGSEND = YES;
				ENABLE_TESTABILITY = YES;
				GCC_C_LANGUAGE_STANDARD = gnu11;
				GCC_DYNAMIC_NO_PIC = NO;
				GCC_NO_COMMON_BLOCKS = YES;
				GCC_OPTIMIZATION_LEVEL = 0;
				GCC_PREPROCESSOR_DEFINITIONS = (
					"DEBUG=1",
					"$(inherited)",
				);
				GCC_WARN_64_TO_32_BIT_CONVERSION = YES;
				GCC_WARN_ABOUT_RETURN_TYPE = YES_ERROR;
				GCC_WARN_UNDECLARED_SELECTOR = YES;
				GCC_WARN_UNINITIALIZED_AUTOS = YES_AGGRESSIVE;
				GCC_WARN_UNUSED_FUNCTION = YES;
				GCC_WARN_UNUSED_VARIABLE = YES;
				IPHONEOS_DEPLOYMENT_TARGET = 11.4;
				MTL_ENABLE_DEBUG_INFO = YES;
				ONLY_ACTIVE_ARCH = YES;
				SDKROOT = iphoneos;
				SWIFT_ACTIVE_COMPILATION_CONDITIONS = DEBUG;
				SWIFT_OPTIMIZATION_LEVEL = "-Onone";
			};
			name = Debug;
		};
		C9E78474213C2C69003B55A1 /* Release */ = {
			isa = XCBuildConfiguration;
			buildSettings = {
				ALWAYS_SEARCH_USER_PATHS = NO;
				CLANG_ANALYZER_NONNULL = YES;
				CLANG_ANALYZER_NUMBER_OBJECT_CONVERSION = YES_AGGRESSIVE;
				CLANG_CXX_LANGUAGE_STANDARD = "gnu++14";
				CLANG_CXX_LIBRARY = "libc++";
				CLANG_ENABLE_MODULES = YES;
				CLANG_ENABLE_OBJC_ARC = YES;
				CLANG_ENABLE_OBJC_WEAK = YES;
				CLANG_WARN_BLOCK_CAPTURE_AUTORELEASING = YES;
				CLANG_WARN_BOOL_CONVERSION = YES;
				CLANG_WARN_COMMA = YES;
				CLANG_WARN_CONSTANT_CONVERSION = YES;
				CLANG_WARN_DEPRECATED_OBJC_IMPLEMENTATIONS = YES;
				CLANG_WARN_DIRECT_OBJC_ISA_USAGE = YES_ERROR;
				CLANG_WARN_DOCUMENTATION_COMMENTS = YES;
				CLANG_WARN_EMPTY_BODY = YES;
				CLANG_WARN_ENUM_CONVERSION = YES;
				CLANG_WARN_INFINITE_RECURSION = YES;
				CLANG_WARN_INT_CONVERSION = YES;
				CLANG_WARN_NON_LITERAL_NULL_CONVERSION = YES;
				CLANG_WARN_OBJC_IMPLICIT_RETAIN_SELF = YES;
				CLANG_WARN_OBJC_LITERAL_CONVERSION = YES;
				CLANG_WARN_OBJC_ROOT_CLASS = YES_ERROR;
				CLANG_WARN_RANGE_LOOP_ANALYSIS = YES;
				CLANG_WARN_STRICT_PROTOTYPES = YES;
				CLANG_WARN_SUSPICIOUS_MOVE = YES;
				CLANG_WARN_UNGUARDED_AVAILABILITY = YES_AGGRESSIVE;
				CLANG_WARN_UNREACHABLE_CODE = YES;
				CLANG_WARN__DUPLICATE_METHOD_MATCH = YES;
				CODE_SIGN_IDENTITY = "iPhone Developer";
				COPY_PHASE_STRIP = NO;
				DEBUG_INFORMATION_FORMAT = "dwarf-with-dsym";
				ENABLE_NS_ASSERTIONS = NO;
				ENABLE_STRICT_OBJC_MSGSEND = YES;
				GCC_C_LANGUAGE_STANDARD = gnu11;
				GCC_NO_COMMON_BLOCKS = YES;
				GCC_WARN_64_TO_32_BIT_CONVERSION = YES;
				GCC_WARN_ABOUT_RETURN_TYPE = YES_ERROR;
				GCC_WARN_UNDECLARED_SELECTOR = YES;
				GCC_WARN_UNINITIALIZED_AUTOS = YES_AGGRESSIVE;
				GCC_WARN_UNUSED_FUNCTION = YES;
				GCC_WARN_UNUSED_VARIABLE = YES;
				IPHONEOS_DEPLOYMENT_TARGET = 11.4;
				MTL_ENABLE_DEBUG_INFO = NO;
				SDKROOT = iphoneos;
				SWIFT_COMPILATION_MODE = wholemodule;
				SWIFT_OPTIMIZATION_LEVEL = "-O";
				VALIDATE_PRODUCT = YES;
			};
			name = Release;
		};
		C9E78476213C2C69003B55A1 /* Debug */ = {
			isa = XCBuildConfiguration;
			buildSettings = {
				ASSETCATALOG_COMPILER_APPICON_NAME = AppIcon;
				CODE_SIGN_STYLE = Automatic;
				DEVELOPMENT_TEAM = TK9NBZDJW8;
				INFOPLIST_FILE = AmusementParkPassGenerator/Info.plist;
				LD_RUNPATH_SEARCH_PATHS = (
					"$(inherited)",
					"@executable_path/Frameworks",
				);
				PRODUCT_BUNDLE_IDENTIFIER = junkakeno.AmusementParkPassGenerator;
				PRODUCT_NAME = "$(TARGET_NAME)";
				SWIFT_VERSION = 4.0;
				TARGETED_DEVICE_FAMILY = "1,2";
			};
			name = Debug;
		};
		C9E78477213C2C69003B55A1 /* Release */ = {
			isa = XCBuildConfiguration;
			buildSettings = {
				ASSETCATALOG_COMPILER_APPICON_NAME = AppIcon;
				CODE_SIGN_STYLE = Automatic;
				DEVELOPMENT_TEAM = TK9NBZDJW8;
				INFOPLIST_FILE = AmusementParkPassGenerator/Info.plist;
				LD_RUNPATH_SEARCH_PATHS = (
					"$(inherited)",
					"@executable_path/Frameworks",
				);
				PRODUCT_BUNDLE_IDENTIFIER = junkakeno.AmusementParkPassGenerator;
				PRODUCT_NAME = "$(TARGET_NAME)";
				SWIFT_VERSION = 4.0;
				TARGETED_DEVICE_FAMILY = "1,2";
			};
			name = Release;
		};
		C9E78479213C2C69003B55A1 /* Debug */ = {
			isa = XCBuildConfiguration;
			buildSettings = {
				ALWAYS_EMBED_SWIFT_STANDARD_LIBRARIES = YES;
				BUNDLE_LOADER = "$(TEST_HOST)";
				CODE_SIGN_STYLE = Automatic;
				DEVELOPMENT_TEAM = TK9NBZDJW8;
				INFOPLIST_FILE = AmusementParkPassGeneratorTests/Info.plist;
				LD_RUNPATH_SEARCH_PATHS = (
					"$(inherited)",
					"@executable_path/Frameworks",
					"@loader_path/Frameworks",
				);
				PRODUCT_BUNDLE_IDENTIFIER = junkakeno.AmusementParkPassGeneratorTests;
				PRODUCT_NAME = "$(TARGET_NAME)";
				SWIFT_VERSION = 4.0;
				TARGETED_DEVICE_FAMILY = "1,2";
				TEST_HOST = "$(BUILT_PRODUCTS_DIR)/AmusementParkPassGenerator.app/AmusementParkPassGenerator";
			};
			name = Debug;
		};
		C9E7847A213C2C69003B55A1 /* Release */ = {
			isa = XCBuildConfiguration;
			buildSettings = {
				ALWAYS_EMBED_SWIFT_STANDARD_LIBRARIES = YES;
				BUNDLE_LOADER = "$(TEST_HOST)";
				CODE_SIGN_STYLE = Automatic;
				DEVELOPMENT_TEAM = TK9NBZDJW8;
				INFOPLIST_FILE = AmusementParkPassGeneratorTests/Info.plist;
				LD_RUNPATH_SEARCH_PATHS = (
					"$(inherited)",
					"@executable_path/Frameworks",
					"@loader_path/Frameworks",
				);
				PRODUCT_BUNDLE_IDENTIFIER = junkakeno.AmusementParkPassGeneratorTests;
				PRODUCT_NAME = "$(TARGET_NAME)";
				SWIFT_VERSION = 4.0;
				TARGETED_DEVICE_FAMILY = "1,2";
				TEST_HOST = "$(BUILT_PRODUCTS_DIR)/AmusementParkPassGenerator.app/AmusementParkPassGenerator";
			};
			name = Release;
		};
		C9E7847C213C2C69003B55A1 /* Debug */ = {
			isa = XCBuildConfiguration;
			buildSettings = {
				ALWAYS_EMBED_SWIFT_STANDARD_LIBRARIES = YES;
				CODE_SIGN_STYLE = Automatic;
				DEVELOPMENT_TEAM = TK9NBZDJW8;
				INFOPLIST_FILE = AmusementParkPassGeneratorUITests/Info.plist;
				LD_RUNPATH_SEARCH_PATHS = (
					"$(inherited)",
					"@executable_path/Frameworks",
					"@loader_path/Frameworks",
				);
				PRODUCT_BUNDLE_IDENTIFIER = junkakeno.AmusementParkPassGeneratorUITests;
				PRODUCT_NAME = "$(TARGET_NAME)";
				SWIFT_VERSION = 4.0;
				TARGETED_DEVICE_FAMILY = "1,2";
				TEST_TARGET_NAME = AmusementParkPassGenerator;
			};
			name = Debug;
		};
		C9E7847D213C2C69003B55A1 /* Release */ = {
			isa = XCBuildConfiguration;
			buildSettings = {
				ALWAYS_EMBED_SWIFT_STANDARD_LIBRARIES = YES;
				CODE_SIGN_STYLE = Automatic;
				DEVELOPMENT_TEAM = TK9NBZDJW8;
				INFOPLIST_FILE = AmusementParkPassGeneratorUITests/Info.plist;
				LD_RUNPATH_SEARCH_PATHS = (
					"$(inherited)",
					"@executable_path/Frameworks",
					"@loader_path/Frameworks",
				);
				PRODUCT_BUNDLE_IDENTIFIER = junkakeno.AmusementParkPassGeneratorUITests;
				PRODUCT_NAME = "$(TARGET_NAME)";
				SWIFT_VERSION = 4.0;
				TARGETED_DEVICE_FAMILY = "1,2";
				TEST_TARGET_NAME = AmusementParkPassGenerator;
			};
			name = Release;
		};
/* End XCBuildConfiguration section */

/* Begin XCConfigurationList section */
		C9E78448213C2C67003B55A1 /* Build configuration list for PBXProject "AmusementParkPassGenerator" */ = {
			isa = XCConfigurationList;
			buildConfigurations = (
				C9E78473213C2C69003B55A1 /* Debug */,
				C9E78474213C2C69003B55A1 /* Release */,
			);
			defaultConfigurationIsVisible = 0;
			defaultConfigurationName = Release;
		};
		C9E78475213C2C69003B55A1 /* Build configuration list for PBXNativeTarget "AmusementParkPassGenerator" */ = {
			isa = XCConfigurationList;
			buildConfigurations = (
				C9E78476213C2C69003B55A1 /* Debug */,
				C9E78477213C2C69003B55A1 /* Release */,
			);
			defaultConfigurationIsVisible = 0;
			defaultConfigurationName = Release;
		};
		C9E78478213C2C69003B55A1 /* Build configuration list for PBXNativeTarget "AmusementParkPassGeneratorTests" */ = {
			isa = XCConfigurationList;
			buildConfigurations = (
				C9E78479213C2C69003B55A1 /* Debug */,
				C9E7847A213C2C69003B55A1 /* Release */,
			);
			defaultConfigurationIsVisible = 0;
			defaultConfigurationName = Release;
		};
		C9E7847B213C2C69003B55A1 /* Build configuration list for PBXNativeTarget "AmusementParkPassGeneratorUITests" */ = {
			isa = XCConfigurationList;
			buildConfigurations = (
				C9E7847C213C2C69003B55A1 /* Debug */,
				C9E7847D213C2C69003B55A1 /* Release */,
			);
			defaultConfigurationIsVisible = 0;
			defaultConfigurationName = Release;
		};
/* End XCConfigurationList section */
	};
	rootObject = C9E78445213C2C67003B55A1 /* Project object */;
}
